
Microsoft Visual Studio Solution File, Format Version 12.00
# Visual Studio Version 17
VisualStudioVersion = 17.1.32210.238
MinimumVisualStudioVersion = 10.0.40219.1
Project("{FAE04EC0-301F-11D3-BF4B-00C04F79EFBC}") = "API", "API\API.csproj", "{5CC325E9-6A6E-49BB-A507-09A516838906}"
EndProject
Project("{FAE04EC0-301F-11D3-BF4B-00C04F79EFBC}") = "BLL", "BLL\BLL.csproj", "{DC4F2081-4708-47F2-9CDB-5452F82C96CE}"
EndProject
Project("{FAE04EC0-301F-11D3-BF4B-00C04F79EFBC}") = "DAL", "DAL\DAL.csproj", "{45050E52-17DB-4901-9B8E-418C3CB82FDB}"
EndProject
Project("{FAE04EC0-301F-11D3-BF4B-00C04F79EFBC}") = "DTO", "DTO\DTO.csproj", "{ED295490-3876-4E76-A632-528D832F7B20}"
EndProject
Global
	GlobalSection(SolutionConfigurationPlatforms) = preSolution
		Debug|Any CPU = Debug|Any CPU
		Release|Any CPU = Release|Any CPU
	EndGlobalSection
	GlobalSection(ProjectConfigurationPlatforms) = postSolution
		{5CC325E9-6A6E-49BB-A507-09A516838906}.Debug|Any CPU.ActiveCfg = Debug|Any CPU
		{5CC325E9-6A6E-49BB-A507-09A516838906}.Debug|Any CPU.Build.0 = Debug|Any CPU
		{5CC325E9-6A6E-49BB-A507-09A516838906}.Release|Any CPU.ActiveCfg = Release|Any CPU
		{5CC325E9-6A6E-49BB-A507-09A516838906}.Release|Any CPU.Build.0 = Release|Any CPU
		{DC4F2081-4708-47F2-9CDB-5452F82C96CE}.Debug|Any CPU.ActiveCfg = Debug|Any CPU
		{DC4F2081-4708-47F2-9CDB-5452F82C96CE}.Debug|Any CPU.Build.0 = Debug|Any CPU
		{DC4F2081-4708-47F2-9CDB-5452F82C96CE}.Release|Any CPU.ActiveCfg = Release|Any CPU
		{DC4F2081-4708-47F2-9CDB-5452F82C96CE}.Release|Any CPU.Build.0 = Release|Any CPU
		{45050E52-17DB-4901-9B8E-418C3CB82FDB}.Debug|Any CPU.ActiveCfg = Debug|Any CPU
		{45050E52-17DB-4901-9B8E-418C3CB82FDB}.Debug|Any CPU.Build.0 = Debug|Any CPU
		{45050E52-17DB-4901-9B8E-418C3CB82FDB}.Release|Any CPU.ActiveCfg = Release|Any CPU
		{45050E52-17DB-4901-9B8E-418C3CB82FDB}.Release|Any CPU.Build.0 = Release|Any CPU
		{ED295490-3876-4E76-A632-528D832F7B20}.Debug|Any CPU.ActiveCfg = Debug|Any CPU
		{ED295490-3876-4E76-A632-528D832F7B20}.Debug|Any CPU.Build.0 = Debug|Any CPU
		{ED295490-3876-4E76-A632-528D832F7B20}.Release|Any CPU.ActiveCfg = Release|Any CPU
		{ED295490-3876-4E76-A632-528D832F7B20}.Release|Any CPU.Build.0 = Release|Any CPU
	EndGlobalSection
	GlobalSection(SolutionProperties) = preSolution
		HideSolutionNode = FALSE
	EndGlobalSection
	GlobalSection(ExtensibilityGlobals) = postSolution
		SolutionGuid = {5B76B2E1-50CD-4CF5-B268-6FF49B1ED2A3}
	EndGlobalSection
EndGlobal
